// !$*UTF8*$!
{
	archiveVersion = 1;
	classes = {
	};
	objectVersion = 51;
	objects = {

/* Begin PBXBuildFile section */
		2AB1AFD4722CE164E3A69F1B /* Pods_PracticeRxSwift.framework in Frameworks */ = {isa = PBXBuildFile; fileRef = 9661BB590E23F80973FDDE99 /* Pods_PracticeRxSwift.framework */; };
		5D49486B265D4B0B00771330 /* AppDelegate.swift in Sources */ = {isa = PBXBuildFile; fileRef = 5D49486A265D4B0B00771330 /* AppDelegate.swift */; };
		5D49486D265D4B0B00771330 /* SceneDelegate.swift in Sources */ = {isa = PBXBuildFile; fileRef = 5D49486C265D4B0B00771330 /* SceneDelegate.swift */; };
		5D49486F265D4B0B00771330 /* Sample01ViewController.swift in Sources */ = {isa = PBXBuildFile; fileRef = 5D49486E265D4B0B00771330 /* Sample01ViewController.swift */; };
		5D494872265D4B0B00771330 /* Sample01.storyboard in Resources */ = {isa = PBXBuildFile; fileRef = 5D494870265D4B0B00771330 /* Sample01.storyboard */; };
		5D494874265D4B0E00771330 /* Assets.xcassets in Resources */ = {isa = PBXBuildFile; fileRef = 5D494873265D4B0E00771330 /* Assets.xcassets */; };
		5D494877265D4B0E00771330 /* LaunchScreen.storyboard in Resources */ = {isa = PBXBuildFile; fileRef = 5D494875265D4B0E00771330 /* LaunchScreen.storyboard */; };
		5D494882265D4B0F00771330 /* PracticeRxSwiftTests.swift in Sources */ = {isa = PBXBuildFile; fileRef = 5D494881265D4B0F00771330 /* PracticeRxSwiftTests.swift */; };
		5D49488D265D4B0F00771330 /* PracticeRxSwiftUITests.swift in Sources */ = {isa = PBXBuildFile; fileRef = 5D49488C265D4B0F00771330 /* PracticeRxSwiftUITests.swift */; };
		7922B5DBE91D0CC57006BEAD /* Pods_PracticeRxSwiftTests.framework in Frameworks */ = {isa = PBXBuildFile; fileRef = 6349A119668AA272477CF430 /* Pods_PracticeRxSwiftTests.framework */; };
		C6933D08B454176D26EA0FAF /* Pods_PracticeRxSwift_PracticeRxSwiftUITests.framework in Frameworks */ = {isa = PBXBuildFile; fileRef = 780D0BAF083149284D5AF0A4 /* Pods_PracticeRxSwift_PracticeRxSwiftUITests.framework */; };
/* End PBXBuildFile section */

/* Begin PBXContainerItemProxy section */
		5D49487E265D4B0F00771330 /* PBXContainerItemProxy */ = {
			isa = PBXContainerItemProxy;
			containerPortal = 5D49485F265D4B0B00771330 /* Project object */;
			proxyType = 1;
			remoteGlobalIDString = 5D494866265D4B0B00771330;
			remoteInfo = PracticeRxSwift;
		};
		5D494889265D4B0F00771330 /* PBXContainerItemProxy */ = {
			isa = PBXContainerItemProxy;
			containerPortal = 5D49485F265D4B0B00771330 /* Project object */;
			proxyType = 1;
			remoteGlobalIDString = 5D494866265D4B0B00771330;
			remoteInfo = PracticeRxSwift;
		};
/* End PBXContainerItemProxy section */

/* Begin PBXFileReference section */
		4BE621851A2479895791AEAA /* Pods-PracticeRxSwiftTests.release.xcconfig */ = {isa = PBXFileReference; includeInIndex = 1; lastKnownFileType = text.xcconfig; name = "Pods-PracticeRxSwiftTests.release.xcconfig"; path = "Target Support Files/Pods-PracticeRxSwiftTests/Pods-PracticeRxSwiftTests.release.xcconfig"; sourceTree = "<group>"; };
		5C3BAA2C94A325B4740A7739 /* Pods-PracticeRxSwift.release.xcconfig */ = {isa = PBXFileReference; includeInIndex = 1; lastKnownFileType = text.xcconfig; name = "Pods-PracticeRxSwift.release.xcconfig"; path = "Target Support Files/Pods-PracticeRxSwift/Pods-PracticeRxSwift.release.xcconfig"; sourceTree = "<group>"; };
		5D494867265D4B0B00771330 /* PracticeRxSwift.app */ = {isa = PBXFileReference; explicitFileType = wrapper.application; includeInIndex = 0; path = PracticeRxSwift.app; sourceTree = BUILT_PRODUCTS_DIR; };
		5D49486A265D4B0B00771330 /* AppDelegate.swift */ = {isa = PBXFileReference; lastKnownFileType = sourcecode.swift; path = AppDelegate.swift; sourceTree = "<group>"; };
		5D49486C265D4B0B00771330 /* SceneDelegate.swift */ = {isa = PBXFileReference; lastKnownFileType = sourcecode.swift; path = SceneDelegate.swift; sourceTree = "<group>"; };
		5D49486E265D4B0B00771330 /* Sample01ViewController.swift */ = {isa = PBXFileReference; lastKnownFileType = sourcecode.swift; path = Sample01ViewController.swift; sourceTree = "<group>"; };
		5D494871265D4B0B00771330 /* Base */ = {isa = PBXFileReference; lastKnownFileType = file.storyboard; name = Base; path = Base.lproj/Sample01.storyboard; sourceTree = "<group>"; };
		5D494873265D4B0E00771330 /* Assets.xcassets */ = {isa = PBXFileReference; lastKnownFileType = folder.assetcatalog; path = Assets.xcassets; sourceTree = "<group>"; };
		5D494876265D4B0E00771330 /* Base */ = {isa = PBXFileReference; lastKnownFileType = file.storyboard; name = Base; path = Base.lproj/LaunchScreen.storyboard; sourceTree = "<group>"; };
		5D494878265D4B0E00771330 /* Info.plist */ = {isa = PBXFileReference; lastKnownFileType = text.plist.xml; path = Info.plist; sourceTree = "<group>"; };
		5D49487D265D4B0F00771330 /* PracticeRxSwiftTests.xctest */ = {isa = PBXFileReference; explicitFileType = wrapper.cfbundle; includeInIndex = 0; path = PracticeRxSwiftTests.xctest; sourceTree = BUILT_PRODUCTS_DIR; };
		5D494881265D4B0F00771330 /* PracticeRxSwiftTests.swift */ = {isa = PBXFileReference; lastKnownFileType = sourcecode.swift; path = PracticeRxSwiftTests.swift; sourceTree = "<group>"; };
		5D494883265D4B0F00771330 /* Info.plist */ = {isa = PBXFileReference; lastKnownFileType = text.plist.xml; path = Info.plist; sourceTree = "<group>"; };
		5D494888265D4B0F00771330 /* PracticeRxSwiftUITests.xctest */ = {isa = PBXFileReference; explicitFileType = wrapper.cfbundle; includeInIndex = 0; path = PracticeRxSwiftUITests.xctest; sourceTree = BUILT_PRODUCTS_DIR; };
		5D49488C265D4B0F00771330 /* PracticeRxSwiftUITests.swift */ = {isa = PBXFileReference; lastKnownFileType = sourcecode.swift; path = PracticeRxSwiftUITests.swift; sourceTree = "<group>"; };
		5D49488E265D4B0F00771330 /* Info.plist */ = {isa = PBXFileReference; lastKnownFileType = text.plist.xml; path = Info.plist; sourceTree = "<group>"; };
		5EE45EBD47D598C00984FE59 /* Pods-PracticeRxSwift-PracticeRxSwiftUITests.debug.xcconfig */ = {isa = PBXFileReference; includeInIndex = 1; lastKnownFileType = text.xcconfig; name = "Pods-PracticeRxSwift-PracticeRxSwiftUITests.debug.xcconfig"; path = "Target Support Files/Pods-PracticeRxSwift-PracticeRxSwiftUITests/Pods-PracticeRxSwift-PracticeRxSwiftUITests.debug.xcconfig"; sourceTree = "<group>"; };
		6349A119668AA272477CF430 /* Pods_PracticeRxSwiftTests.framework */ = {isa = PBXFileReference; explicitFileType = wrapper.framework; includeInIndex = 0; path = Pods_PracticeRxSwiftTests.framework; sourceTree = BUILT_PRODUCTS_DIR; };
		6C23E437EE5914CEC523FC1E /* Pods-PracticeRxSwift.debug.xcconfig */ = {isa = PBXFileReference; includeInIndex = 1; lastKnownFileType = text.xcconfig; name = "Pods-PracticeRxSwift.debug.xcconfig"; path = "Target Support Files/Pods-PracticeRxSwift/Pods-PracticeRxSwift.debug.xcconfig"; sourceTree = "<group>"; };
		777F576A8A9EC5241045FA95 /* Pods-PracticeRxSwift-PracticeRxSwiftUITests.release.xcconfig */ = {isa = PBXFileReference; includeInIndex = 1; lastKnownFileType = text.xcconfig; name = "Pods-PracticeRxSwift-PracticeRxSwiftUITests.release.xcconfig"; path = "Target Support Files/Pods-PracticeRxSwift-PracticeRxSwiftUITests/Pods-PracticeRxSwift-PracticeRxSwiftUITests.release.xcconfig"; sourceTree = "<group>"; };
		780D0BAF083149284D5AF0A4 /* Pods_PracticeRxSwift_PracticeRxSwiftUITests.framework */ = {isa = PBXFileReference; explicitFileType = wrapper.framework; includeInIndex = 0; path = Pods_PracticeRxSwift_PracticeRxSwiftUITests.framework; sourceTree = BUILT_PRODUCTS_DIR; };
		9661BB590E23F80973FDDE99 /* Pods_PracticeRxSwift.framework */ = {isa = PBXFileReference; explicitFileType = wrapper.framework; includeInIndex = 0; path = Pods_PracticeRxSwift.framework; sourceTree = BUILT_PRODUCTS_DIR; };
		C2377D31AAEF7CA1481B0C16 /* Pods-PracticeRxSwiftTests.debug.xcconfig */ = {isa = PBXFileReference; includeInIndex = 1; lastKnownFileType = text.xcconfig; name = "Pods-PracticeRxSwiftTests.debug.xcconfig"; path = "Target Support Files/Pods-PracticeRxSwiftTests/Pods-PracticeRxSwiftTests.debug.xcconfig"; sourceTree = "<group>"; };
/* End PBXFileReference section */

/* Begin PBXFrameworksBuildPhase section */
		5D494864265D4B0B00771330 /* Frameworks */ = {
			isa = PBXFrameworksBuildPhase;
			buildActionMask = 2147483647;
			files = (
				2AB1AFD4722CE164E3A69F1B /* Pods_PracticeRxSwift.framework in Frameworks */,
			);
			runOnlyForDeploymentPostprocessing = 0;
		};
		5D49487A265D4B0F00771330 /* Frameworks */ = {
			isa = PBXFrameworksBuildPhase;
			buildActionMask = 2147483647;
			files = (
				7922B5DBE91D0CC57006BEAD /* Pods_PracticeRxSwiftTests.framework in Frameworks */,
			);
			runOnlyForDeploymentPostprocessing = 0;
		};
		5D494885265D4B0F00771330 /* Frameworks */ = {
			isa = PBXFrameworksBuildPhase;
			buildActionMask = 2147483647;
			files = (
				C6933D08B454176D26EA0FAF /* Pods_PracticeRxSwift_PracticeRxSwiftUITests.framework in Frameworks */,
			);
			runOnlyForDeploymentPostprocessing = 0;
		};
/* End PBXFrameworksBuildPhase section */

/* Begin PBXGroup section */
		4431AD229D264656C5371E65 /* Pods */ = {
			isa = PBXGroup;
			children = (
				6C23E437EE5914CEC523FC1E /* Pods-PracticeRxSwift.debug.xcconfig */,
				5C3BAA2C94A325B4740A7739 /* Pods-PracticeRxSwift.release.xcconfig */,
				5EE45EBD47D598C00984FE59 /* Pods-PracticeRxSwift-PracticeRxSwiftUITests.debug.xcconfig */,
				777F576A8A9EC5241045FA95 /* Pods-PracticeRxSwift-PracticeRxSwiftUITests.release.xcconfig */,
				C2377D31AAEF7CA1481B0C16 /* Pods-PracticeRxSwiftTests.debug.xcconfig */,
				4BE621851A2479895791AEAA /* Pods-PracticeRxSwiftTests.release.xcconfig */,
			);
			path = Pods;
			sourceTree = "<group>";
		};
		5D49485E265D4B0B00771330 = {
			isa = PBXGroup;
			children = (
				5D494869265D4B0B00771330 /* PracticeRxSwift */,
				5D494880265D4B0F00771330 /* PracticeRxSwiftTests */,
				5D49488B265D4B0F00771330 /* PracticeRxSwiftUITests */,
				5D494868265D4B0B00771330 /* Products */,
				4431AD229D264656C5371E65 /* Pods */,
				8B7F1EC69635C8DC7C64AA56 /* Frameworks */,
			);
			sourceTree = "<group>";
		};
		5D494868265D4B0B00771330 /* Products */ = {
			isa = PBXGroup;
			children = (
				5D494867265D4B0B00771330 /* PracticeRxSwift.app */,
				5D49487D265D4B0F00771330 /* PracticeRxSwiftTests.xctest */,
				5D494888265D4B0F00771330 /* PracticeRxSwiftUITests.xctest */,
			);
			name = Products;
			sourceTree = "<group>";
		};
		5D494869265D4B0B00771330 /* PracticeRxSwift */ = {
			isa = PBXGroup;
			children = (
				5D49486A265D4B0B00771330 /* AppDelegate.swift */,
				5D49486C265D4B0B00771330 /* SceneDelegate.swift */,
				5D49486E265D4B0B00771330 /* Sample01ViewController.swift */,
				5D494870265D4B0B00771330 /* Sample01.storyboard */,
				5D494873265D4B0E00771330 /* Assets.xcassets */,
				5D494875265D4B0E00771330 /* LaunchScreen.storyboard */,
				5D494878265D4B0E00771330 /* Info.plist */,
			);
			path = PracticeRxSwift;
			sourceTree = "<group>";
		};
		5D494880265D4B0F00771330 /* PracticeRxSwiftTests */ = {
			isa = PBXGroup;
			children = (
				5D494881265D4B0F00771330 /* PracticeRxSwiftTests.swift */,
				5D494883265D4B0F00771330 /* Info.plist */,
			);
			path = PracticeRxSwiftTests;
			sourceTree = "<group>";
		};
		5D49488B265D4B0F00771330 /* PracticeRxSwiftUITests */ = {
			isa = PBXGroup;
			children = (
				5D49488C265D4B0F00771330 /* PracticeRxSwiftUITests.swift */,
				5D49488E265D4B0F00771330 /* Info.plist */,
			);
			path = PracticeRxSwiftUITests;
			sourceTree = "<group>";
		};
		8B7F1EC69635C8DC7C64AA56 /* Frameworks */ = {
			isa = PBXGroup;
			children = (
				9661BB590E23F80973FDDE99 /* Pods_PracticeRxSwift.framework */,
				780D0BAF083149284D5AF0A4 /* Pods_PracticeRxSwift_PracticeRxSwiftUITests.framework */,
				6349A119668AA272477CF430 /* Pods_PracticeRxSwiftTests.framework */,
			);
			name = Frameworks;
			sourceTree = "<group>";
		};
/* End PBXGroup section */

/* Begin PBXNativeTarget section */
		5D494866265D4B0B00771330 /* PracticeRxSwift */ = {
			isa = PBXNativeTarget;
			buildConfigurationList = 5D494891265D4B0F00771330 /* Build configuration list for PBXNativeTarget "PracticeRxSwift" */;
			buildPhases = (
				6868E901D7A917E506C8C081 /* [CP] Check Pods Manifest.lock */,
				5D494863265D4B0B00771330 /* Sources */,
				5D494864265D4B0B00771330 /* Frameworks */,
				5D494865265D4B0B00771330 /* Resources */,
				1892D6BC0B9705C7074C1A10 /* [CP] Embed Pods Frameworks */,
			);
			buildRules = (
			);
			dependencies = (
			);
			name = PracticeRxSwift;
			productName = PracticeRxSwift;
			productReference = 5D494867265D4B0B00771330 /* PracticeRxSwift.app */;
			productType = "com.apple.product-type.application";
		};
		5D49487C265D4B0F00771330 /* PracticeRxSwiftTests */ = {
			isa = PBXNativeTarget;
			buildConfigurationList = 5D494894265D4B0F00771330 /* Build configuration list for PBXNativeTarget "PracticeRxSwiftTests" */;
			buildPhases = (
				AA83728CC53C09D7319090A9 /* [CP] Check Pods Manifest.lock */,
				5D494879265D4B0F00771330 /* Sources */,
				5D49487A265D4B0F00771330 /* Frameworks */,
				5D49487B265D4B0F00771330 /* Resources */,
				FF2FA49D3874777EB3D55F11 /* [CP] Embed Pods Frameworks */,
			);
			buildRules = (
			);
			dependencies = (
				5D49487F265D4B0F00771330 /* PBXTargetDependency */,
			);
			name = PracticeRxSwiftTests;
			productName = PracticeRxSwiftTests;
			productReference = 5D49487D265D4B0F00771330 /* PracticeRxSwiftTests.xctest */;
			productType = "com.apple.product-type.bundle.unit-test";
		};
		5D494887265D4B0F00771330 /* PracticeRxSwiftUITests */ = {
			isa = PBXNativeTarget;
			buildConfigurationList = 5D494897265D4B0F00771330 /* Build configuration list for PBXNativeTarget "PracticeRxSwiftUITests" */;
			buildPhases = (
				297D0A85DD53D3CA302B69B0 /* [CP] Check Pods Manifest.lock */,
				5D494884265D4B0F00771330 /* Sources */,
				5D494885265D4B0F00771330 /* Frameworks */,
				5D494886265D4B0F00771330 /* Resources */,
				93E06A4D7C2F94296428F0D9 /* [CP] Embed Pods Frameworks */,
			);
			buildRules = (
			);
			dependencies = (
				5D49488A265D4B0F00771330 /* PBXTargetDependency */,
			);
			name = PracticeRxSwiftUITests;
			productName = PracticeRxSwiftUITests;
			productReference = 5D494888265D4B0F00771330 /* PracticeRxSwiftUITests.xctest */;
			productType = "com.apple.product-type.bundle.ui-testing";
		};
/* End PBXNativeTarget section */

/* Begin PBXProject section */
		5D49485F265D4B0B00771330 /* Project object */ = {
			isa = PBXProject;
			attributes = {
				LastSwiftUpdateCheck = 1250;
				LastUpgradeCheck = 1250;
				TargetAttributes = {
					5D494866265D4B0B00771330 = {
						CreatedOnToolsVersion = 12.5;
					};
					5D49487C265D4B0F00771330 = {
						CreatedOnToolsVersion = 12.5;
						TestTargetID = 5D494866265D4B0B00771330;
					};
					5D494887265D4B0F00771330 = {
						CreatedOnToolsVersion = 12.5;
						TestTargetID = 5D494866265D4B0B00771330;
					};
				};
			};
			buildConfigurationList = 5D494862265D4B0B00771330 /* Build configuration list for PBXProject "PracticeRxSwift" */;
			compatibilityVersion = "Xcode 9.3";
			developmentRegion = en;
			hasScannedForEncodings = 0;
			knownRegions = (
				en,
				Base,
			);
			mainGroup = 5D49485E265D4B0B00771330;
			productRefGroup = 5D494868265D4B0B00771330 /* Products */;
			projectDirPath = "";
			projectRoot = "";
			targets = (
				5D494866265D4B0B00771330 /* PracticeRxSwift */,
				5D49487C265D4B0F00771330 /* PracticeRxSwiftTests */,
				5D494887265D4B0F00771330 /* PracticeRxSwiftUITests */,
			);
		};
/* End PBXProject section */

/* Begin PBXResourcesBuildPhase section */
		5D494865265D4B0B00771330 /* Resources */ = {
			isa = PBXResourcesBuildPhase;
			buildActionMask = 2147483647;
			files = (
				5D494877265D4B0E00771330 /* LaunchScreen.storyboard in Resources */,
				5D494874265D4B0E00771330 /* Assets.xcassets in Resources */,
				5D494872265D4B0B00771330 /* Sample01.storyboard in Resources */,
			);
			runOnlyForDeploymentPostprocessing = 0;
		};
		5D49487B265D4B0F00771330 /* Resources */ = {
			isa = PBXResourcesBuildPhase;
			buildActionMask = 2147483647;
			files = (
			);
			runOnlyForDeploymentPostprocessing = 0;
		};
		5D494886265D4B0F00771330 /* Resources */ = {
			isa = PBXResourcesBuildPhase;
			buildActionMask = 2147483647;
			files = (
			);
			runOnlyForDeploymentPostprocessing = 0;
		};
/* End PBXResourcesBuildPhase section */

/* Begin PBXShellScriptBuildPhase section */
		1892D6BC0B9705C7074C1A10 /* [CP] Embed Pods Frameworks */ = {
			isa = PBXShellScriptBuildPhase;
			buildActionMask = 2147483647;
			files = (
			);
			inputFileListPaths = (
				"${PODS_ROOT}/Target Support Files/Pods-PracticeRxSwift/Pods-PracticeRxSwift-frameworks-${CONFIGURATION}-input-files.xcfilelist",
			);
			name = "[CP] Embed Pods Frameworks";
			outputFileListPaths = (
				"${PODS_ROOT}/Target Support Files/Pods-PracticeRxSwift/Pods-PracticeRxSwift-frameworks-${CONFIGURATION}-output-files.xcfilelist",
			);
			runOnlyForDeploymentPostprocessing = 0;
			shellPath = /bin/sh;
			shellScript = "\"${PODS_ROOT}/Target Support Files/Pods-PracticeRxSwift/Pods-PracticeRxSwift-frameworks.sh\"\n";
			showEnvVarsInLog = 0;
		};
		297D0A85DD53D3CA302B69B0 /* [CP] Check Pods Manifest.lock */ = {
			isa = PBXShellScriptBuildPhase;
			buildActionMask = 2147483647;
			files = (
			);
			inputFileListPaths = (
			);
			inputPaths = (
				"${PODS_PODFILE_DIR_PATH}/Podfile.lock",
				"${PODS_ROOT}/Manifest.lock",
			);
			name = "[CP] Check Pods Manifest.lock";
			outputFileListPaths = (
			);
			outputPaths = (
				"$(DERIVED_FILE_DIR)/Pods-PracticeRxSwift-PracticeRxSwiftUITests-checkManifestLockResult.txt",
			);
			runOnlyForDeploymentPostprocessing = 0;
			shellPath = /bin/sh;
			shellScript = "diff \"${PODS_PODFILE_DIR_PATH}/Podfile.lock\" \"${PODS_ROOT}/Manifest.lock\" > /dev/null\nif [ $? != 0 ] ; then\n    # print error to STDERR\n    echo \"error: The sandbox is not in sync with the Podfile.lock. Run 'pod install' or update your CocoaPods installation.\" >&2\n    exit 1\nfi\n# This output is used by Xcode 'outputs' to avoid re-running this script phase.\necho \"SUCCESS\" > \"${SCRIPT_OUTPUT_FILE_0}\"\n";
			showEnvVarsInLog = 0;
		};
		6868E901D7A917E506C8C081 /* [CP] Check Pods Manifest.lock */ = {
			isa = PBXShellScriptBuildPhase;
			buildActionMask = 2147483647;
			files = (
			);
			inputFileListPaths = (
			);
			inputPaths = (
				"${PODS_PODFILE_DIR_PATH}/Podfile.lock",
				"${PODS_ROOT}/Manifest.lock",
			);
			name = "[CP] Check Pods Manifest.lock";
			outputFileListPaths = (
			);
			outputPaths = (
				"$(DERIVED_FILE_DIR)/Pods-PracticeRxSwift-checkManifestLockResult.txt",
			);
			runOnlyForDeploymentPostprocessing = 0;
			shellPath = /bin/sh;
			shellScript = "diff \"${PODS_PODFILE_DIR_PATH}/Podfile.lock\" \"${PODS_ROOT}/Manifest.lock\" > /dev/null\nif [ $? != 0 ] ; then\n    # print error to STDERR\n    echo \"error: The sandbox is not in sync with the Podfile.lock. Run 'pod install' or update your CocoaPods installation.\" >&2\n    exit 1\nfi\n# This output is used by Xcode 'outputs' to avoid re-running this script phase.\necho \"SUCCESS\" > \"${SCRIPT_OUTPUT_FILE_0}\"\n";
			showEnvVarsInLog = 0;
		};
		93E06A4D7C2F94296428F0D9 /* [CP] Embed Pods Frameworks */ = {
			isa = PBXShellScriptBuildPhase;
			buildActionMask = 2147483647;
			files = (
			);
			inputFileListPaths = (
				"${PODS_ROOT}/Target Support Files/Pods-PracticeRxSwift-PracticeRxSwiftUITests/Pods-PracticeRxSwift-PracticeRxSwiftUITests-frameworks-${CONFIGURATION}-input-files.xcfilelist",
			);
			name = "[CP] Embed Pods Frameworks";
			outputFileListPaths = (
				"${PODS_ROOT}/Target Support Files/Pods-PracticeRxSwift-PracticeRxSwiftUITests/Pods-PracticeRxSwift-PracticeRxSwiftUITests-frameworks-${CONFIGURATION}-output-files.xcfilelist",
			);
			runOnlyForDeploymentPostprocessing = 0;
			shellPath = /bin/sh;
			shellScript = "\"${PODS_ROOT}/Target Support Files/Pods-PracticeRxSwift-PracticeRxSwiftUITests/Pods-PracticeRxSwift-PracticeRxSwiftUITests-frameworks.sh\"\n";
			showEnvVarsInLog = 0;
		};
		AA83728CC53C09D7319090A9 /* [CP] Check Pods Manifest.lock */ = {
			isa = PBXShellScriptBuildPhase;
			buildActionMask = 2147483647;
			files = (
			);
			inputFileListPaths = (
			);
			inputPaths = (
				"${PODS_PODFILE_DIR_PATH}/Podfile.lock",
				"${PODS_ROOT}/Manifest.lock",
			);
			name = "[CP] Check Pods Manifest.lock";
			outputFileListPaths = (
			);
			outputPaths = (
				"$(DERIVED_FILE_DIR)/Pods-PracticeRxSwiftTests-checkManifestLockResult.txt",
			);
			runOnlyForDeploymentPostprocessing = 0;
			shellPath = /bin/sh;
			shellScript = "diff \"${PODS_PODFILE_DIR_PATH}/Podfile.lock\" \"${PODS_ROOT}/Manifest.lock\" > /dev/null\nif [ $? != 0 ] ; then\n    # print error to STDERR\n    echo \"error: The sandbox is not in sync with the Podfile.lock. Run 'pod install' or update your CocoaPods installation.\" >&2\n    exit 1\nfi\n# This output is used by Xcode 'outputs' to avoid re-running this script phase.\necho \"SUCCESS\" > \"${SCRIPT_OUTPUT_FILE_0}\"\n";
			showEnvVarsInLog = 0;
		};
		FF2FA49D3874777EB3D55F11 /* [CP] Embed Pods Frameworks */ = {
			isa = PBXShellScriptBuildPhase;
			buildActionMask = 2147483647;
			files = (
			);
			inputFileListPaths = (
				"${PODS_ROOT}/Target Support Files/Pods-PracticeRxSwiftTests/Pods-PracticeRxSwiftTests-frameworks-${CONFIGURATION}-input-files.xcfilelist",
			);
			name = "[CP] Embed Pods Frameworks";
			outputFileListPaths = (
				"${PODS_ROOT}/Target Support Files/Pods-PracticeRxSwiftTests/Pods-PracticeRxSwiftTests-frameworks-${CONFIGURATION}-output-files.xcfilelist",
			);
			runOnlyForDeploymentPostprocessing = 0;
			shellPath = /bin/sh;
			shellScript = "\"${PODS_ROOT}/Target Support Files/Pods-PracticeRxSwiftTests/Pods-PracticeRxSwiftTests-frameworks.sh\"\n";
			showEnvVarsInLog = 0;
		};
/* End PBXShellScriptBuildPhase section */

/* Begin PBXSourcesBuildPhase section */
		5D494863265D4B0B00771330 /* Sources */ = {
			isa = PBXSourcesBuildPhase;
			buildActionMask = 2147483647;
			files = (
				5D49486F265D4B0B00771330 /* Sample01ViewController.swift in Sources */,
				5D49486B265D4B0B00771330 /* AppDelegate.swift in Sources */,
				5D49486D265D4B0B00771330 /* SceneDelegate.swift in Sources */,
			);
			runOnlyForDeploymentPostprocessing = 0;
		};
		5D494879265D4B0F00771330 /* Sources */ = {
			isa = PBXSourcesBuildPhase;
			buildActionMask = 2147483647;
			files = (
				5D494882265D4B0F00771330 /* PracticeRxSwiftTests.swift in Sources */,
			);
			runOnlyForDeploymentPostprocessing = 0;
		};
		5D494884265D4B0F00771330 /* Sources */ = {
			isa = PBXSourcesBuildPhase;
			buildActionMask = 2147483647;
			files = (
				5D49488D265D4B0F00771330 /* PracticeRxSwiftUITests.swift in Sources */,
			);
			runOnlyForDeploymentPostprocessing = 0;
		};
/* End PBXSourcesBuildPhase section */

/* Begin PBXTargetDependency section */
		5D49487F265D4B0F00771330 /* PBXTargetDependency */ = {
			isa = PBXTargetDependency;
			target = 5D494866265D4B0B00771330 /* PracticeRxSwift */;
			targetProxy = 5D49487E265D4B0F00771330 /* PBXContainerItemProxy */;
		};
		5D49488A265D4B0F00771330 /* PBXTargetDependency */ = {
			isa = PBXTargetDependency;
			target = 5D494866265D4B0B00771330 /* PracticeRxSwift */;
			targetProxy = 5D494889265D4B0F00771330 /* PBXContainerItemProxy */;
		};
/* End PBXTargetDependency section */

/* Begin PBXVariantGroup section */
		5D494870265D4B0B00771330 /* Sample01.storyboard */ = {
			isa = PBXVariantGroup;
			children = (
				5D494871265D4B0B00771330 /* Base */,
			);
			name = Sample01.storyboard;
			sourceTree = "<group>";
		};
		5D494875265D4B0E00771330 /* LaunchScreen.storyboard */ = {
			isa = PBXVariantGroup;
			children = (
				5D494876265D4B0E00771330 /* Base */,
			);
			name = LaunchScreen.storyboard;
			sourceTree = "<group>";
		};
/* End PBXVariantGroup section */

/* Begin XCBuildConfiguration section */
		5D49488F265D4B0F00771330 /* Debug */ = {
			isa = XCBuildConfiguration;
			buildSettings = {
				ALWAYS_SEARCH_USER_PATHS = NO;
				CLANG_ANALYZER_NONNULL = YES;
				CLANG_ANALYZER_NUMBER_OBJECT_CONVERSION = YES_AGGRESSIVE;
				CLANG_CXX_LANGUAGE_STANDARD = "gnu++14";
				CLANG_CXX_LIBRARY = "libc++";
				CLANG_ENABLE_MODULES = YES;
				CLANG_ENABLE_OBJC_ARC = YES;
				CLANG_ENABLE_OBJC_WEAK = YES;
				CLANG_WARN_BLOCK_CAPTURE_AUTORELEASING = YES;
				CLANG_WARN_BOOL_CONVERSION = YES;
				CLANG_WARN_COMMA = YES;
				CLANG_WARN_CONSTANT_CONVERSION = YES;
				CLANG_WARN_DEPRECATED_OBJC_IMPLEMENTATIONS = YES;
				CLANG_WARN_DIRECT_OBJC_ISA_USAGE = YES_ERROR;
				CLANG_WARN_DOCUMENTATION_COMMENTS = YES;
				CLANG_WARN_EMPTY_BODY = YES;
				CLANG_WARN_ENUM_CONVERSION = YES;
				CLANG_WARN_INFINITE_RECURSION = YES;
				CLANG_WARN_INT_CONVERSION = YES;
				CLANG_WARN_NON_LITERAL_NULL_CONVERSION = YES;
				CLANG_WARN_OBJC_IMPLICIT_RETAIN_SELF = YES;
				CLANG_WARN_OBJC_LITERAL_CONVERSION = YES;
				CLANG_WARN_OBJC_ROOT_CLASS = YES_ERROR;
				CLANG_WARN_QUOTED_INCLUDE_IN_FRAMEWORK_HEADER = YES;
				CLANG_WARN_RANGE_LOOP_ANALYSIS = YES;
				CLANG_WARN_STRICT_PROTOTYPES = YES;
				CLANG_WARN_SUSPICIOUS_MOVE = YES;
				CLANG_WARN_UNGUARDED_AVAILABILITY = YES_AGGRESSIVE;
				CLANG_WARN_UNREACHABLE_CODE = YES;
				CLANG_WARN__DUPLICATE_METHOD_MATCH = YES;
				COPY_PHASE_STRIP = NO;
				DEBUG_INFORMATION_FORMAT = dwarf;
				ENABLE_STRICT_OBJC_MSGSEND = YES;
				ENABLE_TESTABILITY = YES;
				GCC_C_LANGUAGE_STANDARD = gnu11;
				GCC_DYNAMIC_NO_PIC = NO;
				GCC_NO_COMMON_BLOCKS = YES;
				GCC_OPTIMIZATION_LEVEL = 0;
				GCC_PREPROCESSOR_DEFINITIONS = (
					"DEBUG=1",
					"$(inherited)",
				);
				GCC_WARN_64_TO_32_BIT_CONVERSION = YES;
				GCC_WARN_ABOUT_RETURN_TYPE = YES_ERROR;
				GCC_WARN_UNDECLARED_SELECTOR = YES;
				GCC_WARN_UNINITIALIZED_AUTOS = YES_AGGRESSIVE;
				GCC_WARN_UNUSED_FUNCTION = YES;
				GCC_WARN_UNUSED_VARIABLE = YES;
				IPHONEOS_DEPLOYMENT_TARGET = 14.5;
				MTL_ENABLE_DEBUG_INFO = INCLUDE_SOURCE;
				MTL_FAST_MATH = YES;
				ONLY_ACTIVE_ARCH = YES;
				SDKROOT = iphoneos;
				SWIFT_ACTIVE_COMPILATION_CONDITIONS = DEBUG;
				SWIFT_OPTIMIZATION_LEVEL = "-Onone";
			};
			name = Debug;
		};
		5D494890265D4B0F00771330 /* Release */ = {
			isa = XCBuildConfiguration;
			buildSettings = {
				ALWAYS_SEARCH_USER_PATHS = NO;
				CLANG_ANALYZER_NONNULL = YES;
				CLANG_ANALYZER_NUMBER_OBJECT_CONVERSION = YES_AGGRESSIVE;
				CLANG_CXX_LANGUAGE_STANDARD = "gnu++14";
				CLANG_CXX_LIBRARY = "libc++";
				CLANG_ENABLE_MODULES = YES;
				CLANG_ENABLE_OBJC_ARC = YES;
				CLANG_ENABLE_OBJC_WEAK = YES;
				CLANG_WARN_BLOCK_CAPTURE_AUTORELEASING = YES;
				CLANG_WARN_BOOL_CONVERSION = YES;
				CLANG_WARN_COMMA = YES;
				CLANG_WARN_CONSTANT_CONVERSION = YES;
				CLANG_WARN_DEPRECATED_OBJC_IMPLEMENTATIONS = YES;
				CLANG_WARN_DIRECT_OBJC_ISA_USAGE = YES_ERROR;
				CLANG_WARN_DOCUMENTATION_COMMENTS = YES;
				CLANG_WARN_EMPTY_BODY = YES;
				CLANG_WARN_ENUM_CONVERSION = YES;
				CLANG_WARN_INFINITE_RECURSION = YES;
				CLANG_WARN_INT_CONVERSION = YES;
				CLANG_WARN_NON_LITERAL_NULL_CONVERSION = YES;
				CLANG_WARN_OBJC_IMPLICIT_RETAIN_SELF = YES;
				CLANG_WARN_OBJC_LITERAL_CONVERSION = YES;
				CLANG_WARN_OBJC_ROOT_CLASS = YES_ERROR;
				CLANG_WARN_QUOTED_INCLUDE_IN_FRAMEWORK_HEADER = YES;
				CLANG_WARN_RANGE_LOOP_ANALYSIS = YES;
				CLANG_WARN_STRICT_PROTOTYPES = YES;
				CLANG_WARN_SUSPICIOUS_MOVE = YES;
				CLANG_WARN_UNGUARDED_AVAILABILITY = YES_AGGRESSIVE;
				CLANG_WARN_UNREACHABLE_CODE = YES;
				CLANG_WARN__DUPLICATE_METHOD_MATCH = YES;
				COPY_PHASE_STRIP = NO;
				DEBUG_INFORMATION_FORMAT = "dwarf-with-dsym";
				ENABLE_NS_ASSERTIONS = NO;
				ENABLE_STRICT_OBJC_MSGSEND = YES;
				GCC_C_LANGUAGE_STANDARD = gnu11;
				GCC_NO_COMMON_BLOCKS = YES;
				GCC_WARN_64_TO_32_BIT_CONVERSION = YES;
				GCC_WARN_ABOUT_RETURN_TYPE = YES_ERROR;
				GCC_WARN_UNDECLARED_SELECTOR = YES;
				GCC_WARN_UNINITIALIZED_AUTOS = YES_AGGRESSIVE;
				GCC_WARN_UNUSED_FUNCTION = YES;
				GCC_WARN_UNUSED_VARIABLE = YES;
				IPHONEOS_DEPLOYMENT_TARGET = 14.5;
				MTL_ENABLE_DEBUG_INFO = NO;
				MTL_FAST_MATH = YES;
				SDKROOT = iphoneos;
				SWIFT_COMPILATION_MODE = wholemodule;
				SWIFT_OPTIMIZATION_LEVEL = "-O";
				VALIDATE_PRODUCT = YES;
			};
			name = Release;
		};
		5D494892265D4B0F00771330 /* Debug */ = {
			isa = XCBuildConfiguration;
			baseConfigurationReference = 6C23E437EE5914CEC523FC1E /* Pods-PracticeRxSwift.debug.xcconfig */;
			buildSettings = {
				ASSETCATALOG_COMPILER_APPICON_NAME = AppIcon;
				ASSETCATALOG_COMPILER_GLOBAL_ACCENT_COLOR_NAME = AccentColor;
				CODE_SIGN_STYLE = Automatic;
				DEVELOPMENT_TEAM = 9R57QJP8SY;
				INFOPLIST_FILE = PracticeRxSwift/Info.plist;
				LD_RUNPATH_SEARCH_PATHS = (
					"$(inherited)",
					"@executable_path/Frameworks",
				);
				PRODUCT_BUNDLE_IDENTIFIER = com.hidec.PracticeRxSwift;
				PRODUCT_NAME = "$(TARGET_NAME)";
				SWIFT_VERSION = 5.0;
				TARGETED_DEVICE_FAMILY = "1,2";
			};
			name = Debug;
		};
		5D494893265D4B0F00771330 /* Release */ = {
			isa = XCBuildConfiguration;
			baseConfigurationReference = 5C3BAA2C94A325B4740A7739 /* Pods-PracticeRxSwift.release.xcconfig */;
			buildSettings = {
				ASSETCATALOG_COMPILER_APPICON_NAME = AppIcon;
				ASSETCATALOG_COMPILER_GLOBAL_ACCENT_COLOR_NAME = AccentColor;
				CODE_SIGN_STYLE = Automatic;
				DEVELOPMENT_TEAM = 9R57QJP8SY;
				INFOPLIST_FILE = PracticeRxSwift/Info.plist;
				LD_RUNPATH_SEARCH_PATHS = (
					"$(inherited)",
					"@executable_path/Frameworks",
				);
				PRODUCT_BUNDLE_IDENTIFIER = com.hidec.PracticeRxSwift;
				PRODUCT_NAME = "$(TARGET_NAME)";
				SWIFT_VERSION = 5.0;
				TARGETED_DEVICE_FAMILY = "1,2";
			};
			name = Release;
		};
		5D494895265D4B0F00771330 /* Debug */ = {
			isa = XCBuildConfiguration;
			baseConfigurationReference = C2377D31AAEF7CA1481B0C16 /* Pods-PracticeRxSwiftTests.debug.xcconfig */;
			buildSettings = {
				ALWAYS_EMBED_SWIFT_STANDARD_LIBRARIES = YES;
				BUNDLE_LOADER = "$(TEST_HOST)";
				CODE_SIGN_STYLE = Automatic;
				DEVELOPMENT_TEAM = 9R57QJP8SY;
				INFOPLIST_FILE = PracticeRxSwiftTests/Info.plist;
				IPHONEOS_DEPLOYMENT_TARGET = 14.5;
				LD_RUNPATH_SEARCH_PATHS = (
					"$(inherited)",
					"@executable_path/Frameworks",
					"@loader_path/Frameworks",
				);
				PRODUCT_BUNDLE_IDENTIFIER = com.hidec.PracticeRxSwiftTests;
				PRODUCT_NAME = "$(TARGET_NAME)";
				SWIFT_VERSION = 5.0;
				TARGETED_DEVICE_FAMILY = "1,2";
				TEST_HOST = "$(BUILT_PRODUCTS_DIR)/PracticeRxSwift.app/PracticeRxSwift";
			};
			name = Debug;
		};
		5D494896265D4B0F00771330 /* Release */ = {
			isa = XCBuildConfiguration;
			baseConfigurationReference = 4BE621851A2479895791AEAA /* Pods-PracticeRxSwiftTests.release.xcconfig */;
			buildSettings = {
				ALWAYS_EMBED_SWIFT_STANDARD_LIBRARIES = YES;
				BUNDLE_LOADER = "$(TEST_HOST)";
				CODE_SIGN_STYLE = Automatic;
				DEVELOPMENT_TEAM = 9R57QJP8SY;
				INFOPLIST_FILE = PracticeRxSwiftTests/Info.plist;
				IPHONEOS_DEPLOYMENT_TARGET = 14.5;
				LD_RUNPATH_SEARCH_PATHS = (
					"$(inherited)",
					"@executable_path/Frameworks",
					"@loader_path/Frameworks",
				);
				PRODUCT_BUNDLE_IDENTIFIER = com.hidec.PracticeRxSwiftTests;
				PRODUCT_NAME = "$(TARGET_NAME)";
				SWIFT_VERSION = 5.0;
				TARGETED_DEVICE_FAMILY = "1,2";
				TEST_HOST = "$(BUILT_PRODUCTS_DIR)/PracticeRxSwift.app/PracticeRxSwift";
			};
			name = Release;
		};
		5D494898265D4B0F00771330 /* Debug */ = {
			isa = XCBuildConfiguration;
			baseConfigurationReference = 5EE45EBD47D598C00984FE59 /* Pods-PracticeRxSwift-PracticeRxSwiftUITests.debug.xcconfig */;
			buildSettings = {
				ALWAYS_EMBED_SWIFT_STANDARD_LIBRARIES = YES;
				CODE_SIGN_STYLE = Automatic;
				DEVELOPMENT_TEAM = 9R57QJP8SY;
				INFOPLIST_FILE = PracticeRxSwiftUITests/Info.plist;
				LD_RUNPATH_SEARCH_PATHS = (
					"$(inherited)",
					"@executable_path/Frameworks",
					"@loader_path/Frameworks",
				);
				PRODUCT_BUNDLE_IDENTIFIER = com.hidec.PracticeRxSwiftUITests;
				PRODUCT_NAME = "$(TARGET_NAME)";
				SWIFT_VERSION = 5.0;
				TARGETED_DEVICE_FAMILY = "1,2";
				TEST_TARGET_NAME = PracticeRxSwift;
			};
			name = Debug;
		};
		5D494899265D4B0F00771330 /* Release */ = {
			isa = XCBuildConfiguration;
			baseConfigurationReference = 777F576A8A9EC5241045FA95 /* Pods-PracticeRxSwift-PracticeRxSwiftUITests.release.xcconfig */;
			buildSettings = {
				ALWAYS_EMBED_SWIFT_STANDARD_LIBRARIES = YES;
				CODE_SIGN_STYLE = Automatic;
				DEVELOPMENT_TEAM = 9R57QJP8SY;
				INFOPLIST_FILE = PracticeRxSwiftUITests/Info.plist;
				LD_RUNPATH_SEARCH_PATHS = (
					"$(inherited)",
					"@executable_path/Frameworks",
					"@loader_path/Frameworks",
				);
				PRODUCT_BUNDLE_IDENTIFIER = com.hidec.PracticeRxSwiftUITests;
				PRODUCT_NAME = "$(TARGET_NAME)";
				SWIFT_VERSION = 5.0;
				TARGETED_DEVICE_FAMILY = "1,2";
				TEST_TARGET_NAME = PracticeRxSwift;
			};
			name = Release;
		};
/* End XCBuildConfiguration section */

/* Begin XCConfigurationList section */
		5D494862265D4B0B00771330 /* Build configuration list for PBXProject "PracticeRxSwift" */ = {
			isa = XCConfigurationList;
			buildConfigurations = (
				5D49488F265D4B0F00771330 /* Debug */,
				5D494890265D4B0F00771330 /* Release */,
			);
			defaultConfigurationIsVisible = 0;
			defaultConfigurationName = Release;
		};
		5D494891265D4B0F00771330 /* Build configuration list for PBXNativeTarget "PracticeRxSwift" */ = {
			isa = XCConfigurationList;
			buildConfigurations = (
				5D494892265D4B0F00771330 /* Debug */,
				5D494893265D4B0F00771330 /* Release */,
			);
			defaultConfigurationIsVisible = 0;
			defaultConfigurationName = Release;
		};
		5D494894265D4B0F00771330 /* Build configuration list for PBXNativeTarget "PracticeRxSwiftTests" */ = {
			isa = XCConfigurationList;
			buildConfigurations = (
				5D494895265D4B0F00771330 /* Debug */,
				5D494896265D4B0F00771330 /* Release */,
			);
			defaultConfigurationIsVisible = 0;
			defaultConfigurationName = Release;
		};
		5D494897265D4B0F00771330 /* Build configuration list for PBXNativeTarget "PracticeRxSwiftUITests" */ = {
			isa = XCConfigurationList;
			buildConfigurations = (
				5D494898265D4B0F00771330 /* Debug */,
				5D494899265D4B0F00771330 /* Release */,
			);
			defaultConfigurationIsVisible = 0;
			defaultConfigurationName = Release;
		};
/* End XCConfigurationList section */
	};
	rootObject = 5D49485F265D4B0B00771330 /* Project object */;
}
